
Microsoft Visual Studio Solution File, Format Version 12.00
# Visual Studio Version 16
VisualStudioVersion = 16.0.33027.164
MinimumVisualStudioVersion = 10.0.40219.1
Project("{FAE04EC0-301F-11D3-BF4B-00C04F79EFBC}") = "IterationAssignment", "IterationAssignment\IterationAssignment.csproj", "{CA145026-5900-4ADD-9902-4618F03735CA}"
EndProject
Global
	GlobalSection(SolutionConfigurationPlatforms) = preSolution
		Debug|Any CPU = Debug|Any CPU
		Release|Any CPU = Release|Any CPU
	EndGlobalSection
	GlobalSection(ProjectConfigurationPlatforms) = postSolution
		{CA145026-5900-4ADD-9902-4618F03735CA}.Debug|Any CPU.ActiveCfg = Debug|Any CPU
		{CA145026-5900-4ADD-9902-4618F03735CA}.Debug|Any CPU.Build.0 = Debug|Any CPU
		{CA145026-5900-4ADD-9902-4618F03735CA}.Release|Any CPU.ActiveCfg = Release|Any CPU
		{CA145026-5900-4ADD-9902-4618F03735CA}.Release|Any CPU.Build.0 = Release|Any CPU
	EndGlobalSection
	GlobalSection(SolutionProperties) = preSolution
		HideSolutionNode = FALSE
	EndGlobalSection
	GlobalSection(ExtensibilityGlobals) = postSolution
		SolutionGuid = {913786C2-74FF-45AF-9403-4BBC1C08406E}
	EndGlobalSection
EndGlobal
