
Microsoft Visual Studio Solution File, Format Version 12.00
# Visual Studio Version 16
VisualStudioVersion = 16.0.33027.164
MinimumVisualStudioVersion = 10.0.40219.1
Project("{FAE04EC0-301F-11D3-BF4B-00C04F79EFBC}") = "OptionalMethodAssignment", "OptionalMethodAssignment\OptionalMethodAssignment.csproj", "{687FB4BE-BD28-43A7-BD9D-C273902BA36E}"
EndProject
Global
	GlobalSection(SolutionConfigurationPlatforms) = preSolution
		Debug|Any CPU = Debug|Any CPU
		Release|Any CPU = Release|Any CPU
	EndGlobalSection
	GlobalSection(ProjectConfigurationPlatforms) = postSolution
		{687FB4BE-BD28-43A7-BD9D-C273902BA36E}.Debug|Any CPU.ActiveCfg = Debug|Any CPU
		{687FB4BE-BD28-43A7-BD9D-C273902BA36E}.Debug|Any CPU.Build.0 = Debug|Any CPU
		{687FB4BE-BD28-43A7-BD9D-C273902BA36E}.Release|Any CPU.ActiveCfg = Release|Any CPU
		{687FB4BE-BD28-43A7-BD9D-C273902BA36E}.Release|Any CPU.Build.0 = Release|Any CPU
	EndGlobalSection
	GlobalSection(SolutionProperties) = preSolution
		HideSolutionNode = FALSE
	EndGlobalSection
	GlobalSection(ExtensibilityGlobals) = postSolution
		SolutionGuid = {4FDC213C-F861-42D0-9D1A-24ABE49C555E}
	EndGlobalSection
EndGlobal
