
Microsoft Visual Studio Solution File, Format Version 12.00
# Visual Studio Version 16
VisualStudioVersion = 16.0.33027.164
MinimumVisualStudioVersion = 10.0.40219.1
Project("{FAE04EC0-301F-11D3-BF4B-00C04F79EFBC}") = "MyConsoleProject.cs", "MyConsoleProject.cs\MyConsoleProject.cs.csproj", "{C5A29F52-F67F-4BA6-BBB9-CFEAE89BA15E}"
EndProject
Global
	GlobalSection(SolutionConfigurationPlatforms) = preSolution
		Debug|Any CPU = Debug|Any CPU
		Release|Any CPU = Release|Any CPU
	EndGlobalSection
	GlobalSection(ProjectConfigurationPlatforms) = postSolution
		{C5A29F52-F67F-4BA6-BBB9-CFEAE89BA15E}.Debug|Any CPU.ActiveCfg = Debug|Any CPU
		{C5A29F52-F67F-4BA6-BBB9-CFEAE89BA15E}.Debug|Any CPU.Build.0 = Debug|Any CPU
		{C5A29F52-F67F-4BA6-BBB9-CFEAE89BA15E}.Release|Any CPU.ActiveCfg = Release|Any CPU
		{C5A29F52-F67F-4BA6-BBB9-CFEAE89BA15E}.Release|Any CPU.Build.0 = Release|Any CPU
	EndGlobalSection
	GlobalSection(SolutionProperties) = preSolution
		HideSolutionNode = FALSE
	EndGlobalSection
	GlobalSection(ExtensibilityGlobals) = postSolution
		SolutionGuid = {43EC42B9-7006-4864-AC18-06BE3A79A561}
	EndGlobalSection
EndGlobal
