
Microsoft Visual Studio Solution File, Format Version 12.00
# Visual Studio Version 16
VisualStudioVersion = 16.0.33027.164
MinimumVisualStudioVersion = 10.0.40219.1
Project("{FAE04EC0-301F-11D3-BF4B-00C04F79EFBC}") = "Dowhile", "Dowhile\Dowhile.csproj", "{B79149AE-ABAF-4196-B1BD-E796131E7F13}"
EndProject
Global
	GlobalSection(SolutionConfigurationPlatforms) = preSolution
		Debug|Any CPU = Debug|Any CPU
		Release|Any CPU = Release|Any CPU
	EndGlobalSection
	GlobalSection(ProjectConfigurationPlatforms) = postSolution
		{B79149AE-ABAF-4196-B1BD-E796131E7F13}.Debug|Any CPU.ActiveCfg = Debug|Any CPU
		{B79149AE-ABAF-4196-B1BD-E796131E7F13}.Debug|Any CPU.Build.0 = Debug|Any CPU
		{B79149AE-ABAF-4196-B1BD-E796131E7F13}.Release|Any CPU.ActiveCfg = Release|Any CPU
		{B79149AE-ABAF-4196-B1BD-E796131E7F13}.Release|Any CPU.Build.0 = Release|Any CPU
	EndGlobalSection
	GlobalSection(SolutionProperties) = preSolution
		HideSolutionNode = FALSE
	EndGlobalSection
	GlobalSection(ExtensibilityGlobals) = postSolution
		SolutionGuid = {F83E43CA-3C09-4E78-B3F0-414E4A34BAE3}
	EndGlobalSection
EndGlobal
